
Microsoft Visual Studio Solution File, Format Version 12.00
Project("{FAE04EC0-301F-11D3-BF4B-00C04F79EFBC}") = "apbd_test31360", "apbd_test31360\apbd_test31360.csproj", "{B9A79A27-2CF9-4084-90A5-177BD108BB75}"
EndProject
Global
	GlobalSection(SolutionConfigurationPlatforms) = preSolution
		Debug|Any CPU = Debug|Any CPU
		Release|Any CPU = Release|Any CPU
	EndGlobalSection
	GlobalSection(ProjectConfigurationPlatforms) = postSolution
		{B9A79A27-2CF9-4084-90A5-177BD108BB75}.Debug|Any CPU.ActiveCfg = Debug|Any CPU
		{B9A79A27-2CF9-4084-90A5-177BD108BB75}.Debug|Any CPU.Build.0 = Debug|Any CPU
		{B9A79A27-2CF9-4084-90A5-177BD108BB75}.Release|Any CPU.ActiveCfg = Release|Any CPU
		{B9A79A27-2CF9-4084-90A5-177BD108BB75}.Release|Any CPU.Build.0 = Release|Any CPU
	EndGlobalSection
EndGlobal
